// !$*UTF8*$!
{
	archiveVersion = 1;
	classes = {
	};
	objectVersion = 46;
	objects = {

/* Begin PBXBuildFile section */
		056B7D571BC2313D00292D37 /* SensorData.xcdatamodeld in Sources */ = {isa = PBXBuildFile; fileRef = 056B7D551BC2313D00292D37 /* SensorData.xcdatamodeld */; };
		056B7D591BC23E4100292D37 /* CoreData.framework in Frameworks */ = {isa = PBXBuildFile; fileRef = 056B7D581BC23E4100292D37 /* CoreData.framework */; };
		056B7D5E1BC25B6700292D37 /* CoreLocation.framework in Frameworks */ = {isa = PBXBuildFile; fileRef = 056B7D5D1BC25B6700292D37 /* CoreLocation.framework */; };
		056B7D661BC2731C00292D37 /* BIKSensorDataMO+CoreDataProperties.m in Sources */ = {isa = PBXBuildFile; fileRef = 056B7D631BC2731C00292D37 /* BIKSensorDataMO+CoreDataProperties.m */; };
		056B7D671BC2731C00292D37 /* BIKSensorDataMO.m in Sources */ = {isa = PBXBuildFile; fileRef = 056B7D651BC2731C00292D37 /* BIKSensorDataMO.m */; };
		05D0469F1BD3DEED00391727 /* Images.xcassets in Resources */ = {isa = PBXBuildFile; fileRef = 05D0469E1BD3DEED00391727 /* Images.xcassets */; };
		291C7BB71648AE9100403B08 /* UIKit.framework in Frameworks */ = {isa = PBXBuildFile; fileRef = 291C7BB61648AE9100403B08 /* UIKit.framework */; };
		291C7BB91648AE9100403B08 /* Foundation.framework in Frameworks */ = {isa = PBXBuildFile; fileRef = 291C7BB81648AE9100403B08 /* Foundation.framework */; };
		291C7BBB1648AE9100403B08 /* CoreGraphics.framework in Frameworks */ = {isa = PBXBuildFile; fileRef = 291C7BBA1648AE9100403B08 /* CoreGraphics.framework */; };
		291C7BC11648AE9100403B08 /* InfoPlist.strings in Resources */ = {isa = PBXBuildFile; fileRef = 291C7BBF1648AE9100403B08 /* InfoPlist.strings */; };
		291C7BC31648AE9100403B08 /* main.m in Sources */ = {isa = PBXBuildFile; fileRef = 291C7BC21648AE9100403B08 /* main.m */; };
		291C7BC71648AE9100403B08 /* AppDelegate.m in Sources */ = {isa = PBXBuildFile; fileRef = 291C7BC61648AE9100403B08 /* AppDelegate.m */; };
		291C7BC91648AE9100403B08 /* Default.png in Resources */ = {isa = PBXBuildFile; fileRef = 291C7BC81648AE9100403B08 /* Default.png */; };
		291C7BCB1648AE9100403B08 /* Default@2x.png in Resources */ = {isa = PBXBuildFile; fileRef = 291C7BCA1648AE9100403B08 /* Default@2x.png */; };
		291C7BCD1648AE9100403B08 /* Default-568h@2x.png in Resources */ = {isa = PBXBuildFile; fileRef = 291C7BCC1648AE9100403B08 /* Default-568h@2x.png */; };
		291C7BD01648AE9100403B08 /* MainStoryboard.storyboard in Resources */ = {isa = PBXBuildFile; fileRef = 291C7BCE1648AE9100403B08 /* MainStoryboard.storyboard */; };
		2932F6831813C4230049385E /* BLE.m in Sources */ = {isa = PBXBuildFile; fileRef = 2932F6811813C4230049385E /* BLE.m */; };
		2950A9CA164A8459005C150E /* TableViewController.m in Sources */ = {isa = PBXBuildFile; fileRef = 2950A9C9164A8459005C150E /* TableViewController.m */; };
		298C8463164A0F000020AD9A /* CoreBluetooth.framework in Frameworks */ = {isa = PBXBuildFile; fileRef = 298C8462164A0F000020AD9A /* CoreBluetooth.framework */; };
/* End PBXBuildFile section */

/* Begin PBXFileReference section */
		056B7D561BC2313D00292D37 /* SensorData.xcdatamodel */ = {isa = PBXFileReference; lastKnownFileType = wrapper.xcdatamodel; path = SensorData.xcdatamodel; sourceTree = "<group>"; };
		056B7D581BC23E4100292D37 /* CoreData.framework */ = {isa = PBXFileReference; lastKnownFileType = wrapper.framework; name = CoreData.framework; path = System/Library/Frameworks/CoreData.framework; sourceTree = SDKROOT; };
		056B7D5D1BC25B6700292D37 /* CoreLocation.framework */ = {isa = PBXFileReference; lastKnownFileType = wrapper.framework; name = CoreLocation.framework; path = System/Library/Frameworks/CoreLocation.framework; sourceTree = SDKROOT; };
		056B7D621BC2731C00292D37 /* BIKSensorDataMO+CoreDataProperties.h */ = {isa = PBXFileReference; fileEncoding = 4; lastKnownFileType = sourcecode.c.h; name = "BIKSensorDataMO+CoreDataProperties.h"; path = "BikeAirQualitySensorsiOS/BIKSensorDataMO+CoreDataProperties.h"; sourceTree = "<group>"; };
		056B7D631BC2731C00292D37 /* BIKSensorDataMO+CoreDataProperties.m */ = {isa = PBXFileReference; fileEncoding = 4; lastKnownFileType = sourcecode.c.objc; name = "BIKSensorDataMO+CoreDataProperties.m"; path = "BikeAirQualitySensorsiOS/BIKSensorDataMO+CoreDataProperties.m"; sourceTree = "<group>"; };
		056B7D641BC2731C00292D37 /* BIKSensorDataMO.h */ = {isa = PBXFileReference; fileEncoding = 4; lastKnownFileType = sourcecode.c.h; name = BIKSensorDataMO.h; path = BikeAirQualitySensorsiOS/BIKSensorDataMO.h; sourceTree = "<group>"; };
		056B7D651BC2731C00292D37 /* BIKSensorDataMO.m */ = {isa = PBXFileReference; fileEncoding = 4; lastKnownFileType = sourcecode.c.objc; name = BIKSensorDataMO.m; path = BikeAirQualitySensorsiOS/BIKSensorDataMO.m; sourceTree = "<group>"; };
		05D0469E1BD3DEED00391727 /* Images.xcassets */ = {isa = PBXFileReference; lastKnownFileType = folder.assetcatalog; path = Images.xcassets; sourceTree = "<group>"; };
		291C7BB21648AE9100403B08 /* BikeAirQualitySensorsiOS.app */ = {isa = PBXFileReference; explicitFileType = wrapper.application; includeInIndex = 0; path = BikeAirQualitySensorsiOS.app; sourceTree = BUILT_PRODUCTS_DIR; };
		291C7BB61648AE9100403B08 /* UIKit.framework */ = {isa = PBXFileReference; lastKnownFileType = wrapper.framework; name = UIKit.framework; path = System/Library/Frameworks/UIKit.framework; sourceTree = SDKROOT; };
		291C7BB81648AE9100403B08 /* Foundation.framework */ = {isa = PBXFileReference; lastKnownFileType = wrapper.framework; name = Foundation.framework; path = System/Library/Frameworks/Foundation.framework; sourceTree = SDKROOT; };
		291C7BBA1648AE9100403B08 /* CoreGraphics.framework */ = {isa = PBXFileReference; lastKnownFileType = wrapper.framework; name = CoreGraphics.framework; path = System/Library/Frameworks/CoreGraphics.framework; sourceTree = SDKROOT; };
		291C7BBE1648AE9100403B08 /* BikeAirQualitySensorsiOS-Info.plist */ = {isa = PBXFileReference; lastKnownFileType = text.plist.xml; path = "BikeAirQualitySensorsiOS-Info.plist"; sourceTree = "<group>"; };
		291C7BC01648AE9100403B08 /* en */ = {isa = PBXFileReference; lastKnownFileType = text.plist.strings; name = en; path = en.lproj/InfoPlist.strings; sourceTree = "<group>"; };
		291C7BC21648AE9100403B08 /* main.m */ = {isa = PBXFileReference; lastKnownFileType = sourcecode.c.objc; path = main.m; sourceTree = "<group>"; };
		291C7BC41648AE9100403B08 /* BikeAirQualitySensorsiOS-Prefix.pch */ = {isa = PBXFileReference; lastKnownFileType = sourcecode.c.h; path = "BikeAirQualitySensorsiOS-Prefix.pch"; sourceTree = "<group>"; };
		291C7BC51648AE9100403B08 /* AppDelegate.h */ = {isa = PBXFileReference; lastKnownFileType = sourcecode.c.h; path = AppDelegate.h; sourceTree = "<group>"; };
		291C7BC61648AE9100403B08 /* AppDelegate.m */ = {isa = PBXFileReference; lastKnownFileType = sourcecode.c.objc; path = AppDelegate.m; sourceTree = "<group>"; };
		291C7BC81648AE9100403B08 /* Default.png */ = {isa = PBXFileReference; lastKnownFileType = image.png; path = Default.png; sourceTree = "<group>"; };
		291C7BCA1648AE9100403B08 /* Default@2x.png */ = {isa = PBXFileReference; lastKnownFileType = image.png; path = "Default@2x.png"; sourceTree = "<group>"; };
		291C7BCC1648AE9100403B08 /* Default-568h@2x.png */ = {isa = PBXFileReference; lastKnownFileType = image.png; path = "Default-568h@2x.png"; sourceTree = "<group>"; };
		291C7BCF1648AE9100403B08 /* en */ = {isa = PBXFileReference; lastKnownFileType = file.storyboard; name = en; path = en.lproj/MainStoryboard.storyboard; sourceTree = "<group>"; };
		2932F6801813C4230049385E /* BLE.h */ = {isa = PBXFileReference; fileEncoding = 4; lastKnownFileType = sourcecode.c.h; name = BLE.h; path = BikeAirQualitySensorsiOS/BLE/BLE.h; sourceTree = SOURCE_ROOT; };
		2932F6811813C4230049385E /* BLE.m */ = {isa = PBXFileReference; fileEncoding = 4; lastKnownFileType = sourcecode.c.objc; name = BLE.m; path = BikeAirQualitySensorsiOS/BLE/BLE.m; sourceTree = SOURCE_ROOT; };
		2932F6821813C4230049385E /* BLEDefines.h */ = {isa = PBXFileReference; fileEncoding = 4; lastKnownFileType = sourcecode.c.h; name = BLEDefines.h; path = BikeAirQualitySensorsiOS/BLE/BLEDefines.h; sourceTree = SOURCE_ROOT; };
		2950A9C8164A8459005C150E /* TableViewController.h */ = {isa = PBXFileReference; fileEncoding = 4; lastKnownFileType = sourcecode.c.h; path = TableViewController.h; sourceTree = "<group>"; };
		2950A9C9164A8459005C150E /* TableViewController.m */ = {isa = PBXFileReference; fileEncoding = 4; lastKnownFileType = sourcecode.c.objc; path = TableViewController.m; sourceTree = "<group>"; };
		298C8462164A0F000020AD9A /* CoreBluetooth.framework */ = {isa = PBXFileReference; lastKnownFileType = wrapper.framework; name = CoreBluetooth.framework; path = System/Library/Frameworks/CoreBluetooth.framework; sourceTree = SDKROOT; };
/* End PBXFileReference section */

/* Begin PBXFrameworksBuildPhase section */
		291C7BAF1648AE9100403B08 /* Frameworks */ = {
			isa = PBXFrameworksBuildPhase;
			buildActionMask = 2147483647;
			files = (
				056B7D5E1BC25B6700292D37 /* CoreLocation.framework in Frameworks */,
				056B7D591BC23E4100292D37 /* CoreData.framework in Frameworks */,
				298C8463164A0F000020AD9A /* CoreBluetooth.framework in Frameworks */,
				291C7BB71648AE9100403B08 /* UIKit.framework in Frameworks */,
				291C7BB91648AE9100403B08 /* Foundation.framework in Frameworks */,
				291C7BBB1648AE9100403B08 /* CoreGraphics.framework in Frameworks */,
			);
			runOnlyForDeploymentPostprocessing = 0;
		};
/* End PBXFrameworksBuildPhase section */

/* Begin PBXGroup section */
		291C7BA71648AE9100403B08 = {
			isa = PBXGroup;
			children = (
				056B7D621BC2731C00292D37 /* BIKSensorDataMO+CoreDataProperties.h */,
				056B7D631BC2731C00292D37 /* BIKSensorDataMO+CoreDataProperties.m */,
				056B7D641BC2731C00292D37 /* BIKSensorDataMO.h */,
				056B7D651BC2731C00292D37 /* BIKSensorDataMO.m */,
				291C7BBC1648AE9100403B08 /* BikeAirQualitySensorsiOS */,
				291C7BB51648AE9100403B08 /* Frameworks */,
				291C7BB31648AE9100403B08 /* Products */,
			);
			sourceTree = "<group>";
		};
		291C7BB31648AE9100403B08 /* Products */ = {
			isa = PBXGroup;
			children = (
				291C7BB21648AE9100403B08 /* BikeAirQualitySensorsiOS.app */,
			);
			name = Products;
			sourceTree = "<group>";
		};
		291C7BB51648AE9100403B08 /* Frameworks */ = {
			isa = PBXGroup;
			children = (
				29FD69E717BA35510015E258 /* BLE */,
				056B7D5D1BC25B6700292D37 /* CoreLocation.framework */,
				056B7D581BC23E4100292D37 /* CoreData.framework */,
				298C8462164A0F000020AD9A /* CoreBluetooth.framework */,
				291C7BB61648AE9100403B08 /* UIKit.framework */,
				291C7BB81648AE9100403B08 /* Foundation.framework */,
				291C7BBA1648AE9100403B08 /* CoreGraphics.framework */,
			);
			name = Frameworks;
			sourceTree = "<group>";
		};
		291C7BBC1648AE9100403B08 /* BikeAirQualitySensorsiOS */ = {
			isa = PBXGroup;
			children = (
				2950A9C8164A8459005C150E /* TableViewController.h */,
				2950A9C9164A8459005C150E /* TableViewController.m */,
				056B7D551BC2313D00292D37 /* SensorData.xcdatamodeld */,
				291C7BC51648AE9100403B08 /* AppDelegate.h */,
				291C7BC61648AE9100403B08 /* AppDelegate.m */,
				291C7BCE1648AE9100403B08 /* MainStoryboard.storyboard */,
				05D0469E1BD3DEED00391727 /* Images.xcassets */,
				291C7BBD1648AE9100403B08 /* Supporting Files */,
			);
			path = BikeAirQualitySensorsiOS;
			sourceTree = "<group>";
		};
		291C7BBD1648AE9100403B08 /* Supporting Files */ = {
			isa = PBXGroup;
			children = (
				291C7BBE1648AE9100403B08 /* BikeAirQualitySensorsiOS-Info.plist */,
				291C7BBF1648AE9100403B08 /* InfoPlist.strings */,
				291C7BC21648AE9100403B08 /* main.m */,
				291C7BC41648AE9100403B08 /* BikeAirQualitySensorsiOS-Prefix.pch */,
				291C7BC81648AE9100403B08 /* Default.png */,
				291C7BCA1648AE9100403B08 /* Default@2x.png */,
				291C7BCC1648AE9100403B08 /* Default-568h@2x.png */,
			);
			name = "Supporting Files";
			sourceTree = "<group>";
		};
		29FD69E717BA35510015E258 /* BLE */ = {
			isa = PBXGroup;
			children = (
				2932F6801813C4230049385E /* BLE.h */,
				2932F6811813C4230049385E /* BLE.m */,
				2932F6821813C4230049385E /* BLEDefines.h */,
			);
			name = BLE;
			path = ../../../../BLEFramework/BLE;
			sourceTree = "<group>";
		};
/* End PBXGroup section */

/* Begin PBXNativeTarget section */
		291C7BB11648AE9100403B08 /* BikeAirQualitySensorsiOS */ = {
			isa = PBXNativeTarget;
			buildConfigurationList = 291C7BD61648AE9100403B08 /* Build configuration list for PBXNativeTarget "BikeAirQualitySensorsiOS" */;
			buildPhases = (
				291C7BAE1648AE9100403B08 /* Sources */,
				291C7BAF1648AE9100403B08 /* Frameworks */,
				291C7BB01648AE9100403B08 /* Resources */,
			);
			buildRules = (
			);
			dependencies = (
			);
			name = BikeAirQualitySensorsiOS;
			productName = BLEDemo;
			productReference = 291C7BB21648AE9100403B08 /* BikeAirQualitySensorsiOS.app */;
			productType = "com.apple.product-type.application";
		};
/* End PBXNativeTarget section */

/* Begin PBXProject section */
		291C7BA91648AE9100403B08 /* Project object */ = {
			isa = PBXProject;
			attributes = {
				LastUpgradeCheck = 0700;
				ORGANIZATIONNAME = RedBearLab;
				TargetAttributes = {
					291C7BB11648AE9100403B08 = {
						DevelopmentTeam = 4P8S9W2NYL;
					};
				};
			};
			buildConfigurationList = 291C7BAC1648AE9100403B08 /* Build configuration list for PBXProject "BikeAirQualitySensorsiOS" */;
			compatibilityVersion = "Xcode 3.2";
			developmentRegion = English;
			hasScannedForEncodings = 0;
			knownRegions = (
				en,
			);
			mainGroup = 291C7BA71648AE9100403B08;
			productRefGroup = 291C7BB31648AE9100403B08 /* Products */;
			projectDirPath = "";
			projectRoot = "";
			targets = (
				291C7BB11648AE9100403B08 /* BikeAirQualitySensorsiOS */,
			);
		};
/* End PBXProject section */

/* Begin PBXResourcesBuildPhase section */
		291C7BB01648AE9100403B08 /* Resources */ = {
			isa = PBXResourcesBuildPhase;
			buildActionMask = 2147483647;
			files = (
				291C7BC11648AE9100403B08 /* InfoPlist.strings in Resources */,
				291C7BC91648AE9100403B08 /* Default.png in Resources */,
				291C7BCB1648AE9100403B08 /* Default@2x.png in Resources */,
				05D0469F1BD3DEED00391727 /* Images.xcassets in Resources */,
				291C7BCD1648AE9100403B08 /* Default-568h@2x.png in Resources */,
				291C7BD01648AE9100403B08 /* MainStoryboard.storyboard in Resources */,
			);
			runOnlyForDeploymentPostprocessing = 0;
		};
/* End PBXResourcesBuildPhase section */

/* Begin PBXSourcesBuildPhase section */
		291C7BAE1648AE9100403B08 /* Sources */ = {
			isa = PBXSourcesBuildPhase;
			buildActionMask = 2147483647;
			files = (
				291C7BC31648AE9100403B08 /* main.m in Sources */,
				291C7BC71648AE9100403B08 /* AppDelegate.m in Sources */,
				056B7D661BC2731C00292D37 /* BIKSensorDataMO+CoreDataProperties.m in Sources */,
				2950A9CA164A8459005C150E /* TableViewController.m in Sources */,
				2932F6831813C4230049385E /* BLE.m in Sources */,
				056B7D671BC2731C00292D37 /* BIKSensorDataMO.m in Sources */,
				056B7D571BC2313D00292D37 /* SensorData.xcdatamodeld in Sources */,
			);
			runOnlyForDeploymentPostprocessing = 0;
		};
/* End PBXSourcesBuildPhase section */

/* Begin PBXVariantGroup section */
		291C7BBF1648AE9100403B08 /* InfoPlist.strings */ = {
			isa = PBXVariantGroup;
			children = (
				291C7BC01648AE9100403B08 /* en */,
			);
			name = InfoPlist.strings;
			sourceTree = "<group>";
		};
		291C7BCE1648AE9100403B08 /* MainStoryboard.storyboard */ = {
			isa = PBXVariantGroup;
			children = (
				291C7BCF1648AE9100403B08 /* en */,
			);
			name = MainStoryboard.storyboard;
			sourceTree = "<group>";
		};
/* End PBXVariantGroup section */

/* Begin XCBuildConfiguration section */
		291C7BD41648AE9100403B08 /* Debug */ = {
			isa = XCBuildConfiguration;
			buildSettings = {
				ALWAYS_SEARCH_USER_PATHS = NO;
				CLANG_CXX_LANGUAGE_STANDARD = "gnu++0x";
				CLANG_CXX_LIBRARY = "libc++";
				CLANG_ENABLE_OBJC_ARC = YES;
				CLANG_WARN_EMPTY_BODY = YES;
				CLANG_WARN__DUPLICATE_METHOD_MATCH = YES;
				CODE_SIGN_IDENTITY = "iPhone Developer";
				"CODE_SIGN_IDENTITY[sdk=iphoneos*]" = "iPhone Developer";
				COPY_PHASE_STRIP = NO;
				ENABLE_TESTABILITY = YES;
				GCC_C_LANGUAGE_STANDARD = gnu99;
				GCC_DYNAMIC_NO_PIC = NO;
				GCC_OPTIMIZATION_LEVEL = 0;
				GCC_PREPROCESSOR_DEFINITIONS = (
					"DEBUG=1",
					"$(inherited)",
				);
				GCC_SYMBOLS_PRIVATE_EXTERN = NO;
				GCC_WARN_ABOUT_RETURN_TYPE = YES;
				GCC_WARN_UNINITIALIZED_AUTOS = YES;
				GCC_WARN_UNUSED_VARIABLE = YES;
				IPHONEOS_DEPLOYMENT_TARGET = 7.0;
				ONLY_ACTIVE_ARCH = YES;
				PROVISIONING_PROFILE = "";
				"PROVISIONING_PROFILE[sdk=iphoneos*]" = "";
				SDKROOT = iphoneos;
			};
			name = Debug;
		};
		291C7BD51648AE9100403B08 /* Release */ = {
			isa = XCBuildConfiguration;
			buildSettings = {
				ALWAYS_SEARCH_USER_PATHS = NO;
				CLANG_CXX_LANGUAGE_STANDARD = "gnu++0x";
				CLANG_CXX_LIBRARY = "libc++";
				CLANG_ENABLE_OBJC_ARC = YES;
				CLANG_WARN_EMPTY_BODY = YES;
				CLANG_WARN__DUPLICATE_METHOD_MATCH = YES;
				CODE_SIGN_IDENTITY = "iPhone Developer";
				"CODE_SIGN_IDENTITY[sdk=iphoneos*]" = "iPhone Developer";
				COPY_PHASE_STRIP = YES;
				GCC_C_LANGUAGE_STANDARD = gnu99;
				GCC_WARN_ABOUT_RETURN_TYPE = YES;
				GCC_WARN_UNINITIALIZED_AUTOS = YES;
				GCC_WARN_UNUSED_VARIABLE = YES;
				IPHONEOS_DEPLOYMENT_TARGET = 7.0;
				OTHER_CFLAGS = "-DNS_BLOCK_ASSERTIONS=1";
				PROVISIONING_PROFILE = "";
				"PROVISIONING_PROFILE[sdk=iphoneos*]" = "";
				SDKROOT = iphoneos;
				VALIDATE_PRODUCT = YES;
			};
			name = Release;
		};
		291C7BD71648AE9100403B08 /* Debug */ = {
			isa = XCBuildConfiguration;
			buildSettings = {
				ASSETCATALOG_COMPILER_APPICON_NAME = AppIcon;
				ASSETCATALOG_COMPILER_LAUNCHIMAGE_NAME = LaunchImage;
				CODE_SIGN_IDENTITY = "iPhone Developer";
				GCC_PRECOMPILE_PREFIX_HEADER = YES;
				GCC_PREFIX_HEADER = "BikeAirQualitySensorsiOS/BikeAirQualitySensorsiOS-Prefix.pch";
				INFOPLIST_FILE = "$(SRCROOT)/BikeAirQualitySensorsiOS/BikeAirQualitySensorsiOS-Info.plist";
				PRODUCT_BUNDLE_IDENTIFIER = "com.sighmon.$(PRODUCT_NAME:rfc1034identifier)";
				PRODUCT_NAME = BikeAirQualitySensorsiOS;
				WRAPPER_EXTENSION = app;
			};
			name = Debug;
		};
		291C7BD81648AE9100403B08 /* Release */ = {
			isa = XCBuildConfiguration;
			buildSettings = {
				ASSETCATALOG_COMPILER_APPICON_NAME = AppIcon;
				ASSETCATALOG_COMPILER_LAUNCHIMAGE_NAME = LaunchImage;
				CODE_SIGN_IDENTITY = "iPhone Developer";
				GCC_PRECOMPILE_PREFIX_HEADER = YES;
				GCC_PREFIX_HEADER = "BikeAirQualitySensorsiOS/BikeAirQualitySensorsiOS-Prefix.pch";
				INFOPLIST_FILE = "$(SRCROOT)/BikeAirQualitySensorsiOS/BikeAirQualitySensorsiOS-Info.plist";
				PRODUCT_BUNDLE_IDENTIFIER = "com.sighmon.$(PRODUCT_NAME:rfc1034identifier)";
				PRODUCT_NAME = BikeAirQualitySensorsiOS;
				WRAPPER_EXTENSION = app;
			};
			name = Release;
		};
/* End XCBuildConfiguration section */

/* Begin XCConfigurationList section */
		291C7BAC1648AE9100403B08 /* Build configuration list for PBXProject "BikeAirQualitySensorsiOS" */ = {
			isa = XCConfigurationList;
			buildConfigurations = (
				291C7BD41648AE9100403B08 /* Debug */,
				291C7BD51648AE9100403B08 /* Release */,
			);
			defaultConfigurationIsVisible = 0;
			defaultConfigurationName = Release;
		};
		291C7BD61648AE9100403B08 /* Build configuration list for PBXNativeTarget "BikeAirQualitySensorsiOS" */ = {
			isa = XCConfigurationList;
			buildConfigurations = (
				291C7BD71648AE9100403B08 /* Debug */,
				291C7BD81648AE9100403B08 /* Release */,
			);
			defaultConfigurationIsVisible = 0;
			defaultConfigurationName = Release;
		};
/* End XCConfigurationList section */

/* Begin XCVersionGroup section */
		056B7D551BC2313D00292D37 /* SensorData.xcdatamodeld */ = {
			isa = XCVersionGroup;
			children = (
				056B7D561BC2313D00292D37 /* SensorData.xcdatamodel */,
			);
			currentVersion = 056B7D561BC2313D00292D37 /* SensorData.xcdatamodel */;
			path = SensorData.xcdatamodeld;
			sourceTree = "<group>";
			versionGroupType = wrapper.xcdatamodel;
		};
/* End XCVersionGroup section */
	};
	rootObject = 291C7BA91648AE9100403B08 /* Project object */;
}
